
Microsoft Visual Studio Solution File, Format Version 12.00
# Visual Studio Version 17
VisualStudioVersion = 17.0.32126.317
MinimumVisualStudioVersion = 10.0.40219.1
Project("{FAE04EC0-301F-11D3-BF4B-00C04F79EFBC}") = "UserMicroservice", "UserMicroservice\UserMicroservice.csproj", "{BD13ED9D-EA0F-4416-9F02-22EA64DFD165}"
EndProject
Global
	GlobalSection(SolutionConfigurationPlatforms) = preSolution
		Debug|Any CPU = Debug|Any CPU
		Release|Any CPU = Release|Any CPU
	EndGlobalSection
	GlobalSection(ProjectConfigurationPlatforms) = postSolution
		{BD13ED9D-EA0F-4416-9F02-22EA64DFD165}.Debug|Any CPU.ActiveCfg = Debug|Any CPU
		{BD13ED9D-EA0F-4416-9F02-22EA64DFD165}.Debug|Any CPU.Build.0 = Debug|Any CPU
		{BD13ED9D-EA0F-4416-9F02-22EA64DFD165}.Release|Any CPU.ActiveCfg = Release|Any CPU
		{BD13ED9D-EA0F-4416-9F02-22EA64DFD165}.Release|Any CPU.Build.0 = Release|Any CPU
	EndGlobalSection
	GlobalSection(SolutionProperties) = preSolution
		HideSolutionNode = FALSE
	EndGlobalSection
	GlobalSection(ExtensibilityGlobals) = postSolution
		SolutionGuid = {C66319FB-4678-499B-A943-24165E3E5E6C}
	EndGlobalSection
EndGlobal
