
Microsoft Visual Studio Solution File, Format Version 12.00
# Visual Studio Version 17
VisualStudioVersion = 17.0.32126.317
MinimumVisualStudioVersion = 10.0.40219.1
Project("{9A19103F-16F7-4668-BE54-9A1E7A4F7556}") = "ProjectsMicroservice", "ProjectsMicroservice\ProjectsMicroservice.csproj", "{5B9B4E4D-3EDE-4007-96AE-F3E48E668624}"
EndProject
Project("{FAE04EC0-301F-11D3-BF4B-00C04F79EFBC}") = "ProjectsMicroservice.Application", "ProjectsMicroservice.Application\ProjectsMicroservice.Application.csproj", "{045F8E8A-A5EC-4C7E-8CEE-8ECC2A746524}"
EndProject
Project("{FAE04EC0-301F-11D3-BF4B-00C04F79EFBC}") = "ProjectsMicroservice.Domain.Core", "ProjectsMicroservice.Domain.Core\ProjectsMicroservice.Domain.Core.csproj", "{1D14B84F-3D55-41E1-B2E0-EE49861D25E4}"
EndProject
Project("{FAE04EC0-301F-11D3-BF4B-00C04F79EFBC}") = "ProjectsMicroservice.Domain.Infrastructure", "ProjectsMicroservice.Domain.Infrastructure\ProjectsMicroservice.Domain.Infrastructure.csproj", "{3CF7E352-A311-4E24-A3C0-CE8A657EC0FE}"
EndProject
Project("{FAE04EC0-301F-11D3-BF4B-00C04F79EFBC}") = "ProjectsMicroservice.Inrastructure.BusinessLogic", "ProjectsMicroservice.Inrastructure.BusinessLogic\ProjectsMicroservice.Inrastructure.BusinessLogic.csproj", "{81E2BD65-8744-4268-846B-2CB5BCA40E24}"
EndProject
Project("{FAE04EC0-301F-11D3-BF4B-00C04F79EFBC}") = "ProjectsMicroservice.Infrastructure.DataAccess", "ProjectsMicroservice.Infrastructure.DataAccess\ProjectsMicroservice.Infrastructure.DataAccess.csproj", "{4840DA40-AEDA-45B4-B8FB-4DBCFA9A139F}"
EndProject
Project("{FAE04EC0-301F-11D3-BF4B-00C04F79EFBC}") = "ProjectMicroservices.Infrastructure.External", "ProjectMicroservices.Infrastructure.External\ProjectMicroservices.Infrastructure.External.csproj", "{7865E734-C6E0-4F12-BE9A-093E8EC19609}"
EndProject
Global
	GlobalSection(SolutionConfigurationPlatforms) = preSolution
		Debug|Any CPU = Debug|Any CPU
		Release|Any CPU = Release|Any CPU
	EndGlobalSection
	GlobalSection(ProjectConfigurationPlatforms) = postSolution
		{5B9B4E4D-3EDE-4007-96AE-F3E48E668624}.Debug|Any CPU.ActiveCfg = Debug|Any CPU
		{5B9B4E4D-3EDE-4007-96AE-F3E48E668624}.Debug|Any CPU.Build.0 = Debug|Any CPU
		{5B9B4E4D-3EDE-4007-96AE-F3E48E668624}.Release|Any CPU.ActiveCfg = Release|Any CPU
		{5B9B4E4D-3EDE-4007-96AE-F3E48E668624}.Release|Any CPU.Build.0 = Release|Any CPU
		{045F8E8A-A5EC-4C7E-8CEE-8ECC2A746524}.Debug|Any CPU.ActiveCfg = Debug|Any CPU
		{045F8E8A-A5EC-4C7E-8CEE-8ECC2A746524}.Debug|Any CPU.Build.0 = Debug|Any CPU
		{045F8E8A-A5EC-4C7E-8CEE-8ECC2A746524}.Release|Any CPU.ActiveCfg = Release|Any CPU
		{045F8E8A-A5EC-4C7E-8CEE-8ECC2A746524}.Release|Any CPU.Build.0 = Release|Any CPU
		{1D14B84F-3D55-41E1-B2E0-EE49861D25E4}.Debug|Any CPU.ActiveCfg = Debug|Any CPU
		{1D14B84F-3D55-41E1-B2E0-EE49861D25E4}.Debug|Any CPU.Build.0 = Debug|Any CPU
		{1D14B84F-3D55-41E1-B2E0-EE49861D25E4}.Release|Any CPU.ActiveCfg = Release|Any CPU
		{1D14B84F-3D55-41E1-B2E0-EE49861D25E4}.Release|Any CPU.Build.0 = Release|Any CPU
		{3CF7E352-A311-4E24-A3C0-CE8A657EC0FE}.Debug|Any CPU.ActiveCfg = Debug|Any CPU
		{3CF7E352-A311-4E24-A3C0-CE8A657EC0FE}.Debug|Any CPU.Build.0 = Debug|Any CPU
		{3CF7E352-A311-4E24-A3C0-CE8A657EC0FE}.Release|Any CPU.ActiveCfg = Release|Any CPU
		{3CF7E352-A311-4E24-A3C0-CE8A657EC0FE}.Release|Any CPU.Build.0 = Release|Any CPU
		{81E2BD65-8744-4268-846B-2CB5BCA40E24}.Debug|Any CPU.ActiveCfg = Debug|Any CPU
		{81E2BD65-8744-4268-846B-2CB5BCA40E24}.Debug|Any CPU.Build.0 = Debug|Any CPU
		{81E2BD65-8744-4268-846B-2CB5BCA40E24}.Release|Any CPU.ActiveCfg = Release|Any CPU
		{81E2BD65-8744-4268-846B-2CB5BCA40E24}.Release|Any CPU.Build.0 = Release|Any CPU
		{4840DA40-AEDA-45B4-B8FB-4DBCFA9A139F}.Debug|Any CPU.ActiveCfg = Debug|Any CPU
		{4840DA40-AEDA-45B4-B8FB-4DBCFA9A139F}.Debug|Any CPU.Build.0 = Debug|Any CPU
		{4840DA40-AEDA-45B4-B8FB-4DBCFA9A139F}.Release|Any CPU.ActiveCfg = Release|Any CPU
		{4840DA40-AEDA-45B4-B8FB-4DBCFA9A139F}.Release|Any CPU.Build.0 = Release|Any CPU
		{7865E734-C6E0-4F12-BE9A-093E8EC19609}.Debug|Any CPU.ActiveCfg = Debug|Any CPU
		{7865E734-C6E0-4F12-BE9A-093E8EC19609}.Debug|Any CPU.Build.0 = Debug|Any CPU
		{7865E734-C6E0-4F12-BE9A-093E8EC19609}.Release|Any CPU.ActiveCfg = Release|Any CPU
		{7865E734-C6E0-4F12-BE9A-093E8EC19609}.Release|Any CPU.Build.0 = Release|Any CPU
	EndGlobalSection
	GlobalSection(SolutionProperties) = preSolution
		HideSolutionNode = FALSE
	EndGlobalSection
	GlobalSection(ExtensibilityGlobals) = postSolution
		SolutionGuid = {C0F2A316-74B2-4F47-A9FC-E31431F4CE97}
	EndGlobalSection
EndGlobal
